
Microsoft Visual Studio Solution File, Format Version 12.00
# Visual Studio Version 17
VisualStudioVersion = 17.8.34511.84
MinimumVisualStudioVersion = 10.0.40219.1
Project("{FAE04EC0-301F-11D3-BF4B-00C04F79EFBC}") = "BmsApis", "BmsApis\BmsApis.csproj", "{B8D90F0F-9A39-4C15-BFF0-E6D47BB29308}"
EndProject
Global
	GlobalSection(SolutionConfigurationPlatforms) = preSolution
		Debug|Any CPU = Debug|Any CPU
		Release|Any CPU = Release|Any CPU
	EndGlobalSection
	GlobalSection(ProjectConfigurationPlatforms) = postSolution
		{B8D90F0F-9A39-4C15-BFF0-E6D47BB29308}.Debug|Any CPU.ActiveCfg = Debug|Any CPU
		{B8D90F0F-9A39-4C15-BFF0-E6D47BB29308}.Debug|Any CPU.Build.0 = Debug|Any CPU
		{B8D90F0F-9A39-4C15-BFF0-E6D47BB29308}.Release|Any CPU.ActiveCfg = Release|Any CPU
		{B8D90F0F-9A39-4C15-BFF0-E6D47BB29308}.Release|Any CPU.Build.0 = Release|Any CPU
	EndGlobalSection
	GlobalSection(SolutionProperties) = preSolution
		HideSolutionNode = FALSE
	EndGlobalSection
	GlobalSection(ExtensibilityGlobals) = postSolution
		SolutionGuid = {9A4A7E5F-BBE4-4ED7-A82C-EB4EF274C18F}
	EndGlobalSection
EndGlobal
